
Microsoft Visual Studio Solution File, Format Version 12.00
# Visual Studio Version 17
VisualStudioVersion = 17.9.34728.123
MinimumVisualStudioVersion = 10.0.40219.1
Project("{FAE04EC0-301F-11D3-BF4B-00C04F79EFBC}") = "GestoreEventi", "GestoreEventi\GestoreEventi.csproj", "{C5BA57AD-41F8-493A-A287-4F356D5ADBAC}"
EndProject
Global
	GlobalSection(SolutionConfigurationPlatforms) = preSolution
		Debug|Any CPU = Debug|Any CPU
		Release|Any CPU = Release|Any CPU
	EndGlobalSection
	GlobalSection(ProjectConfigurationPlatforms) = postSolution
		{C5BA57AD-41F8-493A-A287-4F356D5ADBAC}.Debug|Any CPU.ActiveCfg = Debug|Any CPU
		{C5BA57AD-41F8-493A-A287-4F356D5ADBAC}.Debug|Any CPU.Build.0 = Debug|Any CPU
		{C5BA57AD-41F8-493A-A287-4F356D5ADBAC}.Release|Any CPU.ActiveCfg = Release|Any CPU
		{C5BA57AD-41F8-493A-A287-4F356D5ADBAC}.Release|Any CPU.Build.0 = Release|Any CPU
	EndGlobalSection
	GlobalSection(SolutionProperties) = preSolution
		HideSolutionNode = FALSE
	EndGlobalSection
	GlobalSection(ExtensibilityGlobals) = postSolution
		SolutionGuid = {777A8488-DB57-4C6B-9920-3E6DD8363567}
	EndGlobalSection
EndGlobal
